
Microsoft Visual Studio Solution File, Format Version 12.00
# Visual Studio Version 17
VisualStudioVersion = 17.0.31903.59
MinimumVisualStudioVersion = 10.0.40219.1
Project("{2150E333-8FDC-42A3-9474-1A3956D46DE8}") = "Desktop", "Desktop", "{690C7222-6958-4CC1-A425-CF0B65EEB098}"
EndProject
Project("{2150E333-8FDC-42A3-9474-1A3956D46DE8}") = "Consoles", "Consoles", "{08880695-E05B-4BC2-B507-91691A09C089}"
EndProject
Project("{2150E333-8FDC-42A3-9474-1A3956D46DE8}") = "WinForms", "WinForms", "{BBBF42F8-0FF5-4E09-A5E0-D3311CEE2697}"
EndProject
Project("{2150E333-8FDC-42A3-9474-1A3956D46DE8}") = "WinServices", "WinServices", "{348B89E3-184B-4FA8-BAFB-929311106402}"
EndProject
Project("{2150E333-8FDC-42A3-9474-1A3956D46DE8}") = "Web", "Web", "{D9FEE62F-925F-4780-BA72-5BF5AD025F73}"
EndProject
Project("{2150E333-8FDC-42A3-9474-1A3956D46DE8}") = "gRPC", "gRPC", "{964F8A71-6C69-4961-8937-9E554A2F8FFD}"
EndProject
Project("{2150E333-8FDC-42A3-9474-1A3956D46DE8}") = "API", "API", "{845EC0D5-88B0-4AF2-A7B7-DB3393100315}"
EndProject
Project("{2150E333-8FDC-42A3-9474-1A3956D46DE8}") = "Apps", "Apps", "{6CE28407-BDFB-4266-9F97-79C44FD586D2}"
EndProject
Project("{2150E333-8FDC-42A3-9474-1A3956D46DE8}") = "MVC", "MVC", "{68F42F72-FE7D-469B-8F9F-27CE722E059F}"
EndProject
Project("{2150E333-8FDC-42A3-9474-1A3956D46DE8}") = "React", "React", "{6316BCE1-FAB5-4E47-96E8-07C356F1BD72}"
EndProject
Project("{9A19103F-16F7-4668-BE54-9A1E7A4F7556}") = "BlazorWebAssembly.Template.App", "BlazorWebAssembly.Template.App\BlazorWebAssembly.Template.App.csproj", "{36BB7FE3-5FE8-4E0A-B5DA-1552A501B974}"
EndProject
Project("{2150E333-8FDC-42A3-9474-1A3956D46DE8}") = "Blazor", "Blazor", "{4D7ED153-04F0-454A-AEC2-F1DB0B00443C}"
EndProject
Project("{2150E333-8FDC-42A3-9474-1A3956D46DE8}") = "Service", "Service", "{07772AE6-E59B-4B47-A1D1-F67DF847E1FF}"
EndProject
Project("{2150E333-8FDC-42A3-9474-1A3956D46DE8}") = "Client", "Client", "{7747CACB-942A-400D-9336-8E5A39F49176}"
EndProject
Project("{2150E333-8FDC-42A3-9474-1A3956D46DE8}") = "WCF", "WCF", "{A3671538-A889-404E-9C09-1676F7EB1228}"
EndProject
Project("{2150E333-8FDC-42A3-9474-1A3956D46DE8}") = "Installers", "Installers", "{906D5FF2-D6FF-44FC-AD62-D849B9A01C2F}"
EndProject
Project("{2150E333-8FDC-42A3-9474-1A3956D46DE8}") = "MAUI", "MAUI", "{8C2BDD57-0BAC-4F39-9F30-18EB0EB91B7D}"
EndProject
Project("{2150E333-8FDC-42A3-9474-1A3956D46DE8}") = "z_ApplicationLayers", "z_ApplicationLayers", "{F6118A87-E58B-41B7-ADCB-2F68D2C9F84B}"
EndProject
Project("{9A19103F-16F7-4668-BE54-9A1E7A4F7556}") = "Example.Template.API", "Example.Template.API\Example.Template.API.csproj", "{48270F5C-3BA4-46DF-BA97-2D9BB345710C}"
EndProject
Project("{9A19103F-16F7-4668-BE54-9A1E7A4F7556}") = "MVC.Template.App", "MVC.Template.App\MVC.Template.App.csproj", "{A49AF222-2568-43FA-8D7F-B00B09AEB3DA}"
EndProject
Project("{9A19103F-16F7-4668-BE54-9A1E7A4F7556}") = "Template.IoC", "DependencyContainer\Template.IoC\Template.IoC.csproj", "{E9AAA334-78E9-4AF3-991F-51543DA4C260}"
EndProject
Project("{9A19103F-16F7-4668-BE54-9A1E7A4F7556}") = "Template.Infrastructure", "ApplicationLayers\Template.Infrastructure\Template.Infrastructure.csproj", "{707C1AE1-CEEF-4F18-9A0C-E2F8CF1F7B62}"
EndProject
Project("{9A19103F-16F7-4668-BE54-9A1E7A4F7556}") = "Template.Domain", "ApplicationLayers\Template.Domain\Template.Domain.csproj", "{70C3E530-0B0D-4156-8074-E26F292FAB85}"
EndProject
Project("{9A19103F-16F7-4668-BE54-9A1E7A4F7556}") = "Template.Application", "ApplicationLayers\Template.Application\Template.Application.csproj", "{40CA20D8-CC3D-4DB4-B9B8-58136846E380}"
EndProject
Project("{2150E333-8FDC-42A3-9474-1A3956D46DE8}") = "AzureFunctions", "AzureFunctions", "{755F0DD3-1926-435E-980D-AE932CBDAB1B}"
EndProject
Project("{2150E333-8FDC-42A3-9474-1A3956D46DE8}") = "z_UnitTests", "z_UnitTests", "{2C167031-297D-418A-8A3E-A2BABECCC69F}"
EndProject
Project("{9A19103F-16F7-4668-BE54-9A1E7A4F7556}") = "Template.xUnitTest", "Template.xUnitTest\Template.xUnitTest.csproj", "{64CBD6C3-3AEA-45E8-B1F8-C39DD871C65A}"
EndProject
Project("{9A19103F-16F7-4668-BE54-9A1E7A4F7556}") = "Template.Console.App", "Template.Console.App\Template.Console.App.csproj", "{0DA8EFBF-4F02-4DE0-AA6D-F4CC08A58AA9}"
EndProject
Project("{9A19103F-16F7-4668-BE54-9A1E7A4F7556}") = "Template.Console.Core", "Template.Console.Core\Template.Console.Core.csproj", "{696D1368-FECA-4155-AB51-20F68C7A54A9}"
EndProject
Project("{2150E333-8FDC-42A3-9474-1A3956D46DE8}") = "z_Utils", "z_Utils", "{4F784DFD-E00D-48E7-9F90-8BA0900BC2EE}"
EndProject
Project("{2150E333-8FDC-42A3-9474-1A3956D46DE8}") = "Zip", "Zip", "{F3760A91-3D85-421D-8771-8EA9C22D4743}"
EndProject
Project("{2150E333-8FDC-42A3-9474-1A3956D46DE8}") = "Pdf", "Pdf", "{23F7A693-A125-415E-84BA-EA7F93485576}"
EndProject
Project("{2150E333-8FDC-42A3-9474-1A3956D46DE8}") = "Email", "Email", "{C8452C90-B738-4928-945B-7519AC8D9815}"
EndProject
Project("{2150E333-8FDC-42A3-9474-1A3956D46DE8}") = "AzureStorage", "AzureStorage", "{5D5EC1E0-0AB4-47BD-A305-E46F355E0CBF}"
EndProject
Project("{9A19103F-16F7-4668-BE54-9A1E7A4F7556}") = "Template.WinForm.App", "Template.WinForm.App\Template.WinForm.App.csproj", "{EFF04736-72C0-4F05-BA86-950A75793438}"
EndProject
Project("{FAE04EC0-301F-11D3-BF4B-00C04F79EFBC}") = "Template.WinService.Svc", "Template.WinService.Svc\Template.WinService.Svc.csproj", "{82192425-C528-44F5-9390-747B1CFE3AC1}"
EndProject
Project("{FAE04EC0-301F-11D3-BF4B-00C04F79EFBC}") = "Template.WCF.Service", "Template.WCF.Service\Template.WCF.Service.csproj", "{914B30EE-7C2D-4EB3-AA72-30BD2B171131}"
EndProject
Project("{9A19103F-16F7-4668-BE54-9A1E7A4F7556}") = "Template.gRPC.Client", "Template.gRPC.Client\Template.gRPC.Client.csproj", "{95F54AC1-82B6-43A5-849A-2A4641732100}"
EndProject
Project("{9A19103F-16F7-4668-BE54-9A1E7A4F7556}") = "Template.gRPC.Service", "Template.gRPC.Service\Template.gRPC.Service.csproj", "{2899175E-21A0-43E4-B88D-0B04C18C2170}"
EndProject
Project("{2150E333-8FDC-42A3-9474-1A3956D46DE8}") = "Microservices", "Microservices", "{C5E19BAC-1C14-475C-803B-5D0CD54ED69C}"
EndProject
Global
	GlobalSection(SolutionConfigurationPlatforms) = preSolution
		Debug|Any CPU = Debug|Any CPU
		Debug|ARM = Debug|ARM
		Debug|ARM64 = Debug|ARM64
		Debug|x64 = Debug|x64
		Debug|x86 = Debug|x86
		Release|Any CPU = Release|Any CPU
		Release|ARM = Release|ARM
		Release|ARM64 = Release|ARM64
		Release|x64 = Release|x64
		Release|x86 = Release|x86
	EndGlobalSection
	GlobalSection(ProjectConfigurationPlatforms) = postSolution
		{36BB7FE3-5FE8-4E0A-B5DA-1552A501B974}.Debug|Any CPU.ActiveCfg = Debug|Any CPU
		{36BB7FE3-5FE8-4E0A-B5DA-1552A501B974}.Debug|Any CPU.Build.0 = Debug|Any CPU
		{36BB7FE3-5FE8-4E0A-B5DA-1552A501B974}.Debug|ARM.ActiveCfg = Debug|Any CPU
		{36BB7FE3-5FE8-4E0A-B5DA-1552A501B974}.Debug|ARM.Build.0 = Debug|Any CPU
		{36BB7FE3-5FE8-4E0A-B5DA-1552A501B974}.Debug|ARM64.ActiveCfg = Debug|Any CPU
		{36BB7FE3-5FE8-4E0A-B5DA-1552A501B974}.Debug|ARM64.Build.0 = Debug|Any CPU
		{36BB7FE3-5FE8-4E0A-B5DA-1552A501B974}.Debug|x64.ActiveCfg = Debug|Any CPU
		{36BB7FE3-5FE8-4E0A-B5DA-1552A501B974}.Debug|x64.Build.0 = Debug|Any CPU
		{36BB7FE3-5FE8-4E0A-B5DA-1552A501B974}.Debug|x86.ActiveCfg = Debug|Any CPU
		{36BB7FE3-5FE8-4E0A-B5DA-1552A501B974}.Debug|x86.Build.0 = Debug|Any CPU
		{36BB7FE3-5FE8-4E0A-B5DA-1552A501B974}.Release|Any CPU.ActiveCfg = Release|Any CPU
		{36BB7FE3-5FE8-4E0A-B5DA-1552A501B974}.Release|Any CPU.Build.0 = Release|Any CPU
		{36BB7FE3-5FE8-4E0A-B5DA-1552A501B974}.Release|ARM.ActiveCfg = Release|Any CPU
		{36BB7FE3-5FE8-4E0A-B5DA-1552A501B974}.Release|ARM.Build.0 = Release|Any CPU
		{36BB7FE3-5FE8-4E0A-B5DA-1552A501B974}.Release|ARM64.ActiveCfg = Release|Any CPU
		{36BB7FE3-5FE8-4E0A-B5DA-1552A501B974}.Release|ARM64.Build.0 = Release|Any CPU
		{36BB7FE3-5FE8-4E0A-B5DA-1552A501B974}.Release|x64.ActiveCfg = Release|Any CPU
		{36BB7FE3-5FE8-4E0A-B5DA-1552A501B974}.Release|x64.Build.0 = Release|Any CPU
		{36BB7FE3-5FE8-4E0A-B5DA-1552A501B974}.Release|x86.ActiveCfg = Release|Any CPU
		{36BB7FE3-5FE8-4E0A-B5DA-1552A501B974}.Release|x86.Build.0 = Release|Any CPU
		{48270F5C-3BA4-46DF-BA97-2D9BB345710C}.Debug|Any CPU.ActiveCfg = Debug|Any CPU
		{48270F5C-3BA4-46DF-BA97-2D9BB345710C}.Debug|Any CPU.Build.0 = Debug|Any CPU
		{48270F5C-3BA4-46DF-BA97-2D9BB345710C}.Debug|ARM.ActiveCfg = Debug|Any CPU
		{48270F5C-3BA4-46DF-BA97-2D9BB345710C}.Debug|ARM.Build.0 = Debug|Any CPU
		{48270F5C-3BA4-46DF-BA97-2D9BB345710C}.Debug|ARM64.ActiveCfg = Debug|Any CPU
		{48270F5C-3BA4-46DF-BA97-2D9BB345710C}.Debug|ARM64.Build.0 = Debug|Any CPU
		{48270F5C-3BA4-46DF-BA97-2D9BB345710C}.Debug|x64.ActiveCfg = Debug|Any CPU
		{48270F5C-3BA4-46DF-BA97-2D9BB345710C}.Debug|x64.Build.0 = Debug|Any CPU
		{48270F5C-3BA4-46DF-BA97-2D9BB345710C}.Debug|x86.ActiveCfg = Debug|Any CPU
		{48270F5C-3BA4-46DF-BA97-2D9BB345710C}.Debug|x86.Build.0 = Debug|Any CPU
		{48270F5C-3BA4-46DF-BA97-2D9BB345710C}.Release|Any CPU.ActiveCfg = Release|Any CPU
		{48270F5C-3BA4-46DF-BA97-2D9BB345710C}.Release|Any CPU.Build.0 = Release|Any CPU
		{48270F5C-3BA4-46DF-BA97-2D9BB345710C}.Release|ARM.ActiveCfg = Release|Any CPU
		{48270F5C-3BA4-46DF-BA97-2D9BB345710C}.Release|ARM.Build.0 = Release|Any CPU
		{48270F5C-3BA4-46DF-BA97-2D9BB345710C}.Release|ARM64.ActiveCfg = Release|Any CPU
		{48270F5C-3BA4-46DF-BA97-2D9BB345710C}.Release|ARM64.Build.0 = Release|Any CPU
		{48270F5C-3BA4-46DF-BA97-2D9BB345710C}.Release|x64.ActiveCfg = Release|Any CPU
		{48270F5C-3BA4-46DF-BA97-2D9BB345710C}.Release|x64.Build.0 = Release|Any CPU
		{48270F5C-3BA4-46DF-BA97-2D9BB345710C}.Release|x86.ActiveCfg = Release|Any CPU
		{48270F5C-3BA4-46DF-BA97-2D9BB345710C}.Release|x86.Build.0 = Release|Any CPU
		{A49AF222-2568-43FA-8D7F-B00B09AEB3DA}.Debug|Any CPU.ActiveCfg = Debug|Any CPU
		{A49AF222-2568-43FA-8D7F-B00B09AEB3DA}.Debug|Any CPU.Build.0 = Debug|Any CPU
		{A49AF222-2568-43FA-8D7F-B00B09AEB3DA}.Debug|ARM.ActiveCfg = Debug|Any CPU
		{A49AF222-2568-43FA-8D7F-B00B09AEB3DA}.Debug|ARM.Build.0 = Debug|Any CPU
		{A49AF222-2568-43FA-8D7F-B00B09AEB3DA}.Debug|ARM64.ActiveCfg = Debug|Any CPU
		{A49AF222-2568-43FA-8D7F-B00B09AEB3DA}.Debug|ARM64.Build.0 = Debug|Any CPU
		{A49AF222-2568-43FA-8D7F-B00B09AEB3DA}.Debug|x64.ActiveCfg = Debug|Any CPU
		{A49AF222-2568-43FA-8D7F-B00B09AEB3DA}.Debug|x64.Build.0 = Debug|Any CPU
		{A49AF222-2568-43FA-8D7F-B00B09AEB3DA}.Debug|x86.ActiveCfg = Debug|Any CPU
		{A49AF222-2568-43FA-8D7F-B00B09AEB3DA}.Debug|x86.Build.0 = Debug|Any CPU
		{A49AF222-2568-43FA-8D7F-B00B09AEB3DA}.Release|Any CPU.ActiveCfg = Release|Any CPU
		{A49AF222-2568-43FA-8D7F-B00B09AEB3DA}.Release|Any CPU.Build.0 = Release|Any CPU
		{A49AF222-2568-43FA-8D7F-B00B09AEB3DA}.Release|ARM.ActiveCfg = Release|Any CPU
		{A49AF222-2568-43FA-8D7F-B00B09AEB3DA}.Release|ARM.Build.0 = Release|Any CPU
		{A49AF222-2568-43FA-8D7F-B00B09AEB3DA}.Release|ARM64.ActiveCfg = Release|Any CPU
		{A49AF222-2568-43FA-8D7F-B00B09AEB3DA}.Release|ARM64.Build.0 = Release|Any CPU
		{A49AF222-2568-43FA-8D7F-B00B09AEB3DA}.Release|x64.ActiveCfg = Release|Any CPU
		{A49AF222-2568-43FA-8D7F-B00B09AEB3DA}.Release|x64.Build.0 = Release|Any CPU
		{A49AF222-2568-43FA-8D7F-B00B09AEB3DA}.Release|x86.ActiveCfg = Release|Any CPU
		{A49AF222-2568-43FA-8D7F-B00B09AEB3DA}.Release|x86.Build.0 = Release|Any CPU
		{E9AAA334-78E9-4AF3-991F-51543DA4C260}.Debug|Any CPU.ActiveCfg = Debug|Any CPU
		{E9AAA334-78E9-4AF3-991F-51543DA4C260}.Debug|Any CPU.Build.0 = Debug|Any CPU
		{E9AAA334-78E9-4AF3-991F-51543DA4C260}.Debug|ARM.ActiveCfg = Debug|Any CPU
		{E9AAA334-78E9-4AF3-991F-51543DA4C260}.Debug|ARM.Build.0 = Debug|Any CPU
		{E9AAA334-78E9-4AF3-991F-51543DA4C260}.Debug|ARM64.ActiveCfg = Debug|Any CPU
		{E9AAA334-78E9-4AF3-991F-51543DA4C260}.Debug|ARM64.Build.0 = Debug|Any CPU
		{E9AAA334-78E9-4AF3-991F-51543DA4C260}.Debug|x64.ActiveCfg = Debug|Any CPU
		{E9AAA334-78E9-4AF3-991F-51543DA4C260}.Debug|x64.Build.0 = Debug|Any CPU
		{E9AAA334-78E9-4AF3-991F-51543DA4C260}.Debug|x86.ActiveCfg = Debug|Any CPU
		{E9AAA334-78E9-4AF3-991F-51543DA4C260}.Debug|x86.Build.0 = Debug|Any CPU
		{E9AAA334-78E9-4AF3-991F-51543DA4C260}.Release|Any CPU.ActiveCfg = Release|Any CPU
		{E9AAA334-78E9-4AF3-991F-51543DA4C260}.Release|Any CPU.Build.0 = Release|Any CPU
		{E9AAA334-78E9-4AF3-991F-51543DA4C260}.Release|ARM.ActiveCfg = Release|Any CPU
		{E9AAA334-78E9-4AF3-991F-51543DA4C260}.Release|ARM.Build.0 = Release|Any CPU
		{E9AAA334-78E9-4AF3-991F-51543DA4C260}.Release|ARM64.ActiveCfg = Release|Any CPU
		{E9AAA334-78E9-4AF3-991F-51543DA4C260}.Release|ARM64.Build.0 = Release|Any CPU
		{E9AAA334-78E9-4AF3-991F-51543DA4C260}.Release|x64.ActiveCfg = Release|Any CPU
		{E9AAA334-78E9-4AF3-991F-51543DA4C260}.Release|x64.Build.0 = Release|Any CPU
		{E9AAA334-78E9-4AF3-991F-51543DA4C260}.Release|x86.ActiveCfg = Release|Any CPU
		{E9AAA334-78E9-4AF3-991F-51543DA4C260}.Release|x86.Build.0 = Release|Any CPU
		{707C1AE1-CEEF-4F18-9A0C-E2F8CF1F7B62}.Debug|Any CPU.ActiveCfg = Debug|Any CPU
		{707C1AE1-CEEF-4F18-9A0C-E2F8CF1F7B62}.Debug|Any CPU.Build.0 = Debug|Any CPU
		{707C1AE1-CEEF-4F18-9A0C-E2F8CF1F7B62}.Debug|ARM.ActiveCfg = Debug|Any CPU
		{707C1AE1-CEEF-4F18-9A0C-E2F8CF1F7B62}.Debug|ARM.Build.0 = Debug|Any CPU
		{707C1AE1-CEEF-4F18-9A0C-E2F8CF1F7B62}.Debug|ARM64.ActiveCfg = Debug|Any CPU
		{707C1AE1-CEEF-4F18-9A0C-E2F8CF1F7B62}.Debug|ARM64.Build.0 = Debug|Any CPU
		{707C1AE1-CEEF-4F18-9A0C-E2F8CF1F7B62}.Debug|x64.ActiveCfg = Debug|Any CPU
		{707C1AE1-CEEF-4F18-9A0C-E2F8CF1F7B62}.Debug|x64.Build.0 = Debug|Any CPU
		{707C1AE1-CEEF-4F18-9A0C-E2F8CF1F7B62}.Debug|x86.ActiveCfg = Debug|Any CPU
		{707C1AE1-CEEF-4F18-9A0C-E2F8CF1F7B62}.Debug|x86.Build.0 = Debug|Any CPU
		{707C1AE1-CEEF-4F18-9A0C-E2F8CF1F7B62}.Release|Any CPU.ActiveCfg = Release|Any CPU
		{707C1AE1-CEEF-4F18-9A0C-E2F8CF1F7B62}.Release|Any CPU.Build.0 = Release|Any CPU
		{707C1AE1-CEEF-4F18-9A0C-E2F8CF1F7B62}.Release|ARM.ActiveCfg = Release|Any CPU
		{707C1AE1-CEEF-4F18-9A0C-E2F8CF1F7B62}.Release|ARM.Build.0 = Release|Any CPU
		{707C1AE1-CEEF-4F18-9A0C-E2F8CF1F7B62}.Release|ARM64.ActiveCfg = Release|Any CPU
		{707C1AE1-CEEF-4F18-9A0C-E2F8CF1F7B62}.Release|ARM64.Build.0 = Release|Any CPU
		{707C1AE1-CEEF-4F18-9A0C-E2F8CF1F7B62}.Release|x64.ActiveCfg = Release|Any CPU
		{707C1AE1-CEEF-4F18-9A0C-E2F8CF1F7B62}.Release|x64.Build.0 = Release|Any CPU
		{707C1AE1-CEEF-4F18-9A0C-E2F8CF1F7B62}.Release|x86.ActiveCfg = Release|Any CPU
		{707C1AE1-CEEF-4F18-9A0C-E2F8CF1F7B62}.Release|x86.Build.0 = Release|Any CPU
		{70C3E530-0B0D-4156-8074-E26F292FAB85}.Debug|Any CPU.ActiveCfg = Debug|Any CPU
		{70C3E530-0B0D-4156-8074-E26F292FAB85}.Debug|Any CPU.Build.0 = Debug|Any CPU
		{70C3E530-0B0D-4156-8074-E26F292FAB85}.Debug|ARM.ActiveCfg = Debug|Any CPU
		{70C3E530-0B0D-4156-8074-E26F292FAB85}.Debug|ARM.Build.0 = Debug|Any CPU
		{70C3E530-0B0D-4156-8074-E26F292FAB85}.Debug|ARM64.ActiveCfg = Debug|Any CPU
		{70C3E530-0B0D-4156-8074-E26F292FAB85}.Debug|ARM64.Build.0 = Debug|Any CPU
		{70C3E530-0B0D-4156-8074-E26F292FAB85}.Debug|x64.ActiveCfg = Debug|Any CPU
		{70C3E530-0B0D-4156-8074-E26F292FAB85}.Debug|x64.Build.0 = Debug|Any CPU
		{70C3E530-0B0D-4156-8074-E26F292FAB85}.Debug|x86.ActiveCfg = Debug|Any CPU
		{70C3E530-0B0D-4156-8074-E26F292FAB85}.Debug|x86.Build.0 = Debug|Any CPU
		{70C3E530-0B0D-4156-8074-E26F292FAB85}.Release|Any CPU.ActiveCfg = Release|Any CPU
		{70C3E530-0B0D-4156-8074-E26F292FAB85}.Release|Any CPU.Build.0 = Release|Any CPU
		{70C3E530-0B0D-4156-8074-E26F292FAB85}.Release|ARM.ActiveCfg = Release|Any CPU
		{70C3E530-0B0D-4156-8074-E26F292FAB85}.Release|ARM.Build.0 = Release|Any CPU
		{70C3E530-0B0D-4156-8074-E26F292FAB85}.Release|ARM64.ActiveCfg = Release|Any CPU
		{70C3E530-0B0D-4156-8074-E26F292FAB85}.Release|ARM64.Build.0 = Release|Any CPU
		{70C3E530-0B0D-4156-8074-E26F292FAB85}.Release|x64.ActiveCfg = Release|Any CPU
		{70C3E530-0B0D-4156-8074-E26F292FAB85}.Release|x64.Build.0 = Release|Any CPU
		{70C3E530-0B0D-4156-8074-E26F292FAB85}.Release|x86.ActiveCfg = Release|Any CPU
		{70C3E530-0B0D-4156-8074-E26F292FAB85}.Release|x86.Build.0 = Release|Any CPU
		{40CA20D8-CC3D-4DB4-B9B8-58136846E380}.Debug|Any CPU.ActiveCfg = Debug|Any CPU
		{40CA20D8-CC3D-4DB4-B9B8-58136846E380}.Debug|Any CPU.Build.0 = Debug|Any CPU
		{40CA20D8-CC3D-4DB4-B9B8-58136846E380}.Debug|ARM.ActiveCfg = Debug|Any CPU
		{40CA20D8-CC3D-4DB4-B9B8-58136846E380}.Debug|ARM.Build.0 = Debug|Any CPU
		{40CA20D8-CC3D-4DB4-B9B8-58136846E380}.Debug|ARM64.ActiveCfg = Debug|Any CPU
		{40CA20D8-CC3D-4DB4-B9B8-58136846E380}.Debug|ARM64.Build.0 = Debug|Any CPU
		{40CA20D8-CC3D-4DB4-B9B8-58136846E380}.Debug|x64.ActiveCfg = Debug|Any CPU
		{40CA20D8-CC3D-4DB4-B9B8-58136846E380}.Debug|x64.Build.0 = Debug|Any CPU
		{40CA20D8-CC3D-4DB4-B9B8-58136846E380}.Debug|x86.ActiveCfg = Debug|Any CPU
		{40CA20D8-CC3D-4DB4-B9B8-58136846E380}.Debug|x86.Build.0 = Debug|Any CPU
		{40CA20D8-CC3D-4DB4-B9B8-58136846E380}.Release|Any CPU.ActiveCfg = Release|Any CPU
		{40CA20D8-CC3D-4DB4-B9B8-58136846E380}.Release|Any CPU.Build.0 = Release|Any CPU
		{40CA20D8-CC3D-4DB4-B9B8-58136846E380}.Release|ARM.ActiveCfg = Release|Any CPU
		{40CA20D8-CC3D-4DB4-B9B8-58136846E380}.Release|ARM.Build.0 = Release|Any CPU
		{40CA20D8-CC3D-4DB4-B9B8-58136846E380}.Release|ARM64.ActiveCfg = Release|Any CPU
		{40CA20D8-CC3D-4DB4-B9B8-58136846E380}.Release|ARM64.Build.0 = Release|Any CPU
		{40CA20D8-CC3D-4DB4-B9B8-58136846E380}.Release|x64.ActiveCfg = Release|Any CPU
		{40CA20D8-CC3D-4DB4-B9B8-58136846E380}.Release|x64.Build.0 = Release|Any CPU
		{40CA20D8-CC3D-4DB4-B9B8-58136846E380}.Release|x86.ActiveCfg = Release|Any CPU
		{40CA20D8-CC3D-4DB4-B9B8-58136846E380}.Release|x86.Build.0 = Release|Any CPU
		{64CBD6C3-3AEA-45E8-B1F8-C39DD871C65A}.Debug|Any CPU.ActiveCfg = Debug|Any CPU
		{64CBD6C3-3AEA-45E8-B1F8-C39DD871C65A}.Debug|Any CPU.Build.0 = Debug|Any CPU
		{64CBD6C3-3AEA-45E8-B1F8-C39DD871C65A}.Debug|ARM.ActiveCfg = Debug|Any CPU
		{64CBD6C3-3AEA-45E8-B1F8-C39DD871C65A}.Debug|ARM.Build.0 = Debug|Any CPU
		{64CBD6C3-3AEA-45E8-B1F8-C39DD871C65A}.Debug|ARM64.ActiveCfg = Debug|Any CPU
		{64CBD6C3-3AEA-45E8-B1F8-C39DD871C65A}.Debug|ARM64.Build.0 = Debug|Any CPU
		{64CBD6C3-3AEA-45E8-B1F8-C39DD871C65A}.Debug|x64.ActiveCfg = Debug|Any CPU
		{64CBD6C3-3AEA-45E8-B1F8-C39DD871C65A}.Debug|x64.Build.0 = Debug|Any CPU
		{64CBD6C3-3AEA-45E8-B1F8-C39DD871C65A}.Debug|x86.ActiveCfg = Debug|Any CPU
		{64CBD6C3-3AEA-45E8-B1F8-C39DD871C65A}.Debug|x86.Build.0 = Debug|Any CPU
		{64CBD6C3-3AEA-45E8-B1F8-C39DD871C65A}.Release|Any CPU.ActiveCfg = Release|Any CPU
		{64CBD6C3-3AEA-45E8-B1F8-C39DD871C65A}.Release|Any CPU.Build.0 = Release|Any CPU
		{64CBD6C3-3AEA-45E8-B1F8-C39DD871C65A}.Release|ARM.ActiveCfg = Release|Any CPU
		{64CBD6C3-3AEA-45E8-B1F8-C39DD871C65A}.Release|ARM.Build.0 = Release|Any CPU
		{64CBD6C3-3AEA-45E8-B1F8-C39DD871C65A}.Release|ARM64.ActiveCfg = Release|Any CPU
		{64CBD6C3-3AEA-45E8-B1F8-C39DD871C65A}.Release|ARM64.Build.0 = Release|Any CPU
		{64CBD6C3-3AEA-45E8-B1F8-C39DD871C65A}.Release|x64.ActiveCfg = Release|Any CPU
		{64CBD6C3-3AEA-45E8-B1F8-C39DD871C65A}.Release|x64.Build.0 = Release|Any CPU
		{64CBD6C3-3AEA-45E8-B1F8-C39DD871C65A}.Release|x86.ActiveCfg = Release|Any CPU
		{64CBD6C3-3AEA-45E8-B1F8-C39DD871C65A}.Release|x86.Build.0 = Release|Any CPU
		{0DA8EFBF-4F02-4DE0-AA6D-F4CC08A58AA9}.Debug|Any CPU.ActiveCfg = Debug|Any CPU
		{0DA8EFBF-4F02-4DE0-AA6D-F4CC08A58AA9}.Debug|Any CPU.Build.0 = Debug|Any CPU
		{0DA8EFBF-4F02-4DE0-AA6D-F4CC08A58AA9}.Debug|ARM.ActiveCfg = Debug|Any CPU
		{0DA8EFBF-4F02-4DE0-AA6D-F4CC08A58AA9}.Debug|ARM.Build.0 = Debug|Any CPU
		{0DA8EFBF-4F02-4DE0-AA6D-F4CC08A58AA9}.Debug|ARM64.ActiveCfg = Debug|Any CPU
		{0DA8EFBF-4F02-4DE0-AA6D-F4CC08A58AA9}.Debug|ARM64.Build.0 = Debug|Any CPU
		{0DA8EFBF-4F02-4DE0-AA6D-F4CC08A58AA9}.Debug|x64.ActiveCfg = Debug|Any CPU
		{0DA8EFBF-4F02-4DE0-AA6D-F4CC08A58AA9}.Debug|x64.Build.0 = Debug|Any CPU
		{0DA8EFBF-4F02-4DE0-AA6D-F4CC08A58AA9}.Debug|x86.ActiveCfg = Debug|Any CPU
		{0DA8EFBF-4F02-4DE0-AA6D-F4CC08A58AA9}.Debug|x86.Build.0 = Debug|Any CPU
		{0DA8EFBF-4F02-4DE0-AA6D-F4CC08A58AA9}.Release|Any CPU.ActiveCfg = Release|Any CPU
		{0DA8EFBF-4F02-4DE0-AA6D-F4CC08A58AA9}.Release|Any CPU.Build.0 = Release|Any CPU
		{0DA8EFBF-4F02-4DE0-AA6D-F4CC08A58AA9}.Release|ARM.ActiveCfg = Release|Any CPU
		{0DA8EFBF-4F02-4DE0-AA6D-F4CC08A58AA9}.Release|ARM.Build.0 = Release|Any CPU
		{0DA8EFBF-4F02-4DE0-AA6D-F4CC08A58AA9}.Release|ARM64.ActiveCfg = Release|Any CPU
		{0DA8EFBF-4F02-4DE0-AA6D-F4CC08A58AA9}.Release|ARM64.Build.0 = Release|Any CPU
		{0DA8EFBF-4F02-4DE0-AA6D-F4CC08A58AA9}.Release|x64.ActiveCfg = Release|Any CPU
		{0DA8EFBF-4F02-4DE0-AA6D-F4CC08A58AA9}.Release|x64.Build.0 = Release|Any CPU
		{0DA8EFBF-4F02-4DE0-AA6D-F4CC08A58AA9}.Release|x86.ActiveCfg = Release|Any CPU
		{0DA8EFBF-4F02-4DE0-AA6D-F4CC08A58AA9}.Release|x86.Build.0 = Release|Any CPU
		{696D1368-FECA-4155-AB51-20F68C7A54A9}.Debug|Any CPU.ActiveCfg = Debug|Any CPU
		{696D1368-FECA-4155-AB51-20F68C7A54A9}.Debug|Any CPU.Build.0 = Debug|Any CPU
		{696D1368-FECA-4155-AB51-20F68C7A54A9}.Debug|ARM.ActiveCfg = Debug|Any CPU
		{696D1368-FECA-4155-AB51-20F68C7A54A9}.Debug|ARM.Build.0 = Debug|Any CPU
		{696D1368-FECA-4155-AB51-20F68C7A54A9}.Debug|ARM64.ActiveCfg = Debug|Any CPU
		{696D1368-FECA-4155-AB51-20F68C7A54A9}.Debug|ARM64.Build.0 = Debug|Any CPU
		{696D1368-FECA-4155-AB51-20F68C7A54A9}.Debug|x64.ActiveCfg = Debug|Any CPU
		{696D1368-FECA-4155-AB51-20F68C7A54A9}.Debug|x64.Build.0 = Debug|Any CPU
		{696D1368-FECA-4155-AB51-20F68C7A54A9}.Debug|x86.ActiveCfg = Debug|Any CPU
		{696D1368-FECA-4155-AB51-20F68C7A54A9}.Debug|x86.Build.0 = Debug|Any CPU
		{696D1368-FECA-4155-AB51-20F68C7A54A9}.Release|Any CPU.ActiveCfg = Release|Any CPU
		{696D1368-FECA-4155-AB51-20F68C7A54A9}.Release|Any CPU.Build.0 = Release|Any CPU
		{696D1368-FECA-4155-AB51-20F68C7A54A9}.Release|ARM.ActiveCfg = Release|Any CPU
		{696D1368-FECA-4155-AB51-20F68C7A54A9}.Release|ARM.Build.0 = Release|Any CPU
		{696D1368-FECA-4155-AB51-20F68C7A54A9}.Release|ARM64.ActiveCfg = Release|Any CPU
		{696D1368-FECA-4155-AB51-20F68C7A54A9}.Release|ARM64.Build.0 = Release|Any CPU
		{696D1368-FECA-4155-AB51-20F68C7A54A9}.Release|x64.ActiveCfg = Release|Any CPU
		{696D1368-FECA-4155-AB51-20F68C7A54A9}.Release|x64.Build.0 = Release|Any CPU
		{696D1368-FECA-4155-AB51-20F68C7A54A9}.Release|x86.ActiveCfg = Release|Any CPU
		{696D1368-FECA-4155-AB51-20F68C7A54A9}.Release|x86.Build.0 = Release|Any CPU
		{EFF04736-72C0-4F05-BA86-950A75793438}.Debug|Any CPU.ActiveCfg = Debug|Any CPU
		{EFF04736-72C0-4F05-BA86-950A75793438}.Debug|Any CPU.Build.0 = Debug|Any CPU
		{EFF04736-72C0-4F05-BA86-950A75793438}.Debug|ARM.ActiveCfg = Debug|Any CPU
		{EFF04736-72C0-4F05-BA86-950A75793438}.Debug|ARM.Build.0 = Debug|Any CPU
		{EFF04736-72C0-4F05-BA86-950A75793438}.Debug|ARM64.ActiveCfg = Debug|Any CPU
		{EFF04736-72C0-4F05-BA86-950A75793438}.Debug|ARM64.Build.0 = Debug|Any CPU
		{EFF04736-72C0-4F05-BA86-950A75793438}.Debug|x64.ActiveCfg = Debug|Any CPU
		{EFF04736-72C0-4F05-BA86-950A75793438}.Debug|x64.Build.0 = Debug|Any CPU
		{EFF04736-72C0-4F05-BA86-950A75793438}.Debug|x86.ActiveCfg = Debug|Any CPU
		{EFF04736-72C0-4F05-BA86-950A75793438}.Debug|x86.Build.0 = Debug|Any CPU
		{EFF04736-72C0-4F05-BA86-950A75793438}.Release|Any CPU.ActiveCfg = Release|Any CPU
		{EFF04736-72C0-4F05-BA86-950A75793438}.Release|Any CPU.Build.0 = Release|Any CPU
		{EFF04736-72C0-4F05-BA86-950A75793438}.Release|ARM.ActiveCfg = Release|Any CPU
		{EFF04736-72C0-4F05-BA86-950A75793438}.Release|ARM.Build.0 = Release|Any CPU
		{EFF04736-72C0-4F05-BA86-950A75793438}.Release|ARM64.ActiveCfg = Release|Any CPU
		{EFF04736-72C0-4F05-BA86-950A75793438}.Release|ARM64.Build.0 = Release|Any CPU
		{EFF04736-72C0-4F05-BA86-950A75793438}.Release|x64.ActiveCfg = Release|Any CPU
		{EFF04736-72C0-4F05-BA86-950A75793438}.Release|x64.Build.0 = Release|Any CPU
		{EFF04736-72C0-4F05-BA86-950A75793438}.Release|x86.ActiveCfg = Release|Any CPU
		{EFF04736-72C0-4F05-BA86-950A75793438}.Release|x86.Build.0 = Release|Any CPU
		{82192425-C528-44F5-9390-747B1CFE3AC1}.Debug|Any CPU.ActiveCfg = Debug|Any CPU
		{82192425-C528-44F5-9390-747B1CFE3AC1}.Debug|Any CPU.Build.0 = Debug|Any CPU
		{82192425-C528-44F5-9390-747B1CFE3AC1}.Debug|ARM.ActiveCfg = Debug|Any CPU
		{82192425-C528-44F5-9390-747B1CFE3AC1}.Debug|ARM.Build.0 = Debug|Any CPU
		{82192425-C528-44F5-9390-747B1CFE3AC1}.Debug|ARM64.ActiveCfg = Debug|Any CPU
		{82192425-C528-44F5-9390-747B1CFE3AC1}.Debug|ARM64.Build.0 = Debug|Any CPU
		{82192425-C528-44F5-9390-747B1CFE3AC1}.Debug|x64.ActiveCfg = Debug|Any CPU
		{82192425-C528-44F5-9390-747B1CFE3AC1}.Debug|x64.Build.0 = Debug|Any CPU
		{82192425-C528-44F5-9390-747B1CFE3AC1}.Debug|x86.ActiveCfg = Debug|Any CPU
		{82192425-C528-44F5-9390-747B1CFE3AC1}.Debug|x86.Build.0 = Debug|Any CPU
		{82192425-C528-44F5-9390-747B1CFE3AC1}.Release|Any CPU.ActiveCfg = Release|Any CPU
		{82192425-C528-44F5-9390-747B1CFE3AC1}.Release|Any CPU.Build.0 = Release|Any CPU
		{82192425-C528-44F5-9390-747B1CFE3AC1}.Release|ARM.ActiveCfg = Release|Any CPU
		{82192425-C528-44F5-9390-747B1CFE3AC1}.Release|ARM.Build.0 = Release|Any CPU
		{82192425-C528-44F5-9390-747B1CFE3AC1}.Release|ARM64.ActiveCfg = Release|Any CPU
		{82192425-C528-44F5-9390-747B1CFE3AC1}.Release|ARM64.Build.0 = Release|Any CPU
		{82192425-C528-44F5-9390-747B1CFE3AC1}.Release|x64.ActiveCfg = Release|Any CPU
		{82192425-C528-44F5-9390-747B1CFE3AC1}.Release|x64.Build.0 = Release|Any CPU
		{82192425-C528-44F5-9390-747B1CFE3AC1}.Release|x86.ActiveCfg = Release|Any CPU
		{82192425-C528-44F5-9390-747B1CFE3AC1}.Release|x86.Build.0 = Release|Any CPU
		{914B30EE-7C2D-4EB3-AA72-30BD2B171131}.Debug|Any CPU.ActiveCfg = Debug|Any CPU
		{914B30EE-7C2D-4EB3-AA72-30BD2B171131}.Debug|Any CPU.Build.0 = Debug|Any CPU
		{914B30EE-7C2D-4EB3-AA72-30BD2B171131}.Debug|ARM.ActiveCfg = Debug|Any CPU
		{914B30EE-7C2D-4EB3-AA72-30BD2B171131}.Debug|ARM.Build.0 = Debug|Any CPU
		{914B30EE-7C2D-4EB3-AA72-30BD2B171131}.Debug|ARM64.ActiveCfg = Debug|Any CPU
		{914B30EE-7C2D-4EB3-AA72-30BD2B171131}.Debug|ARM64.Build.0 = Debug|Any CPU
		{914B30EE-7C2D-4EB3-AA72-30BD2B171131}.Debug|x64.ActiveCfg = Debug|Any CPU
		{914B30EE-7C2D-4EB3-AA72-30BD2B171131}.Debug|x64.Build.0 = Debug|Any CPU
		{914B30EE-7C2D-4EB3-AA72-30BD2B171131}.Debug|x86.ActiveCfg = Debug|Any CPU
		{914B30EE-7C2D-4EB3-AA72-30BD2B171131}.Debug|x86.Build.0 = Debug|Any CPU
		{914B30EE-7C2D-4EB3-AA72-30BD2B171131}.Release|Any CPU.ActiveCfg = Release|Any CPU
		{914B30EE-7C2D-4EB3-AA72-30BD2B171131}.Release|Any CPU.Build.0 = Release|Any CPU
		{914B30EE-7C2D-4EB3-AA72-30BD2B171131}.Release|ARM.ActiveCfg = Release|Any CPU
		{914B30EE-7C2D-4EB3-AA72-30BD2B171131}.Release|ARM.Build.0 = Release|Any CPU
		{914B30EE-7C2D-4EB3-AA72-30BD2B171131}.Release|ARM64.ActiveCfg = Release|Any CPU
		{914B30EE-7C2D-4EB3-AA72-30BD2B171131}.Release|ARM64.Build.0 = Release|Any CPU
		{914B30EE-7C2D-4EB3-AA72-30BD2B171131}.Release|x64.ActiveCfg = Release|Any CPU
		{914B30EE-7C2D-4EB3-AA72-30BD2B171131}.Release|x64.Build.0 = Release|Any CPU
		{914B30EE-7C2D-4EB3-AA72-30BD2B171131}.Release|x86.ActiveCfg = Release|Any CPU
		{914B30EE-7C2D-4EB3-AA72-30BD2B171131}.Release|x86.Build.0 = Release|Any CPU
		{95F54AC1-82B6-43A5-849A-2A4641732100}.Debug|Any CPU.ActiveCfg = Debug|Any CPU
		{95F54AC1-82B6-43A5-849A-2A4641732100}.Debug|Any CPU.Build.0 = Debug|Any CPU
		{95F54AC1-82B6-43A5-849A-2A4641732100}.Debug|ARM.ActiveCfg = Debug|Any CPU
		{95F54AC1-82B6-43A5-849A-2A4641732100}.Debug|ARM.Build.0 = Debug|Any CPU
		{95F54AC1-82B6-43A5-849A-2A4641732100}.Debug|ARM64.ActiveCfg = Debug|Any CPU
		{95F54AC1-82B6-43A5-849A-2A4641732100}.Debug|ARM64.Build.0 = Debug|Any CPU
		{95F54AC1-82B6-43A5-849A-2A4641732100}.Debug|x64.ActiveCfg = Debug|Any CPU
		{95F54AC1-82B6-43A5-849A-2A4641732100}.Debug|x64.Build.0 = Debug|Any CPU
		{95F54AC1-82B6-43A5-849A-2A4641732100}.Debug|x86.ActiveCfg = Debug|Any CPU
		{95F54AC1-82B6-43A5-849A-2A4641732100}.Debug|x86.Build.0 = Debug|Any CPU
		{95F54AC1-82B6-43A5-849A-2A4641732100}.Release|Any CPU.ActiveCfg = Release|Any CPU
		{95F54AC1-82B6-43A5-849A-2A4641732100}.Release|Any CPU.Build.0 = Release|Any CPU
		{95F54AC1-82B6-43A5-849A-2A4641732100}.Release|ARM.ActiveCfg = Release|Any CPU
		{95F54AC1-82B6-43A5-849A-2A4641732100}.Release|ARM.Build.0 = Release|Any CPU
		{95F54AC1-82B6-43A5-849A-2A4641732100}.Release|ARM64.ActiveCfg = Release|Any CPU
		{95F54AC1-82B6-43A5-849A-2A4641732100}.Release|ARM64.Build.0 = Release|Any CPU
		{95F54AC1-82B6-43A5-849A-2A4641732100}.Release|x64.ActiveCfg = Release|Any CPU
		{95F54AC1-82B6-43A5-849A-2A4641732100}.Release|x64.Build.0 = Release|Any CPU
		{95F54AC1-82B6-43A5-849A-2A4641732100}.Release|x86.ActiveCfg = Release|Any CPU
		{95F54AC1-82B6-43A5-849A-2A4641732100}.Release|x86.Build.0 = Release|Any CPU
		{2899175E-21A0-43E4-B88D-0B04C18C2170}.Debug|Any CPU.ActiveCfg = Debug|Any CPU
		{2899175E-21A0-43E4-B88D-0B04C18C2170}.Debug|Any CPU.Build.0 = Debug|Any CPU
		{2899175E-21A0-43E4-B88D-0B04C18C2170}.Debug|ARM.ActiveCfg = Debug|Any CPU
		{2899175E-21A0-43E4-B88D-0B04C18C2170}.Debug|ARM.Build.0 = Debug|Any CPU
		{2899175E-21A0-43E4-B88D-0B04C18C2170}.Debug|ARM64.ActiveCfg = Debug|Any CPU
		{2899175E-21A0-43E4-B88D-0B04C18C2170}.Debug|ARM64.Build.0 = Debug|Any CPU
		{2899175E-21A0-43E4-B88D-0B04C18C2170}.Debug|x64.ActiveCfg = Debug|Any CPU
		{2899175E-21A0-43E4-B88D-0B04C18C2170}.Debug|x64.Build.0 = Debug|Any CPU
		{2899175E-21A0-43E4-B88D-0B04C18C2170}.Debug|x86.ActiveCfg = Debug|Any CPU
		{2899175E-21A0-43E4-B88D-0B04C18C2170}.Debug|x86.Build.0 = Debug|Any CPU
		{2899175E-21A0-43E4-B88D-0B04C18C2170}.Release|Any CPU.ActiveCfg = Release|Any CPU
		{2899175E-21A0-43E4-B88D-0B04C18C2170}.Release|Any CPU.Build.0 = Release|Any CPU
		{2899175E-21A0-43E4-B88D-0B04C18C2170}.Release|ARM.ActiveCfg = Release|Any CPU
		{2899175E-21A0-43E4-B88D-0B04C18C2170}.Release|ARM.Build.0 = Release|Any CPU
		{2899175E-21A0-43E4-B88D-0B04C18C2170}.Release|ARM64.ActiveCfg = Release|Any CPU
		{2899175E-21A0-43E4-B88D-0B04C18C2170}.Release|ARM64.Build.0 = Release|Any CPU
		{2899175E-21A0-43E4-B88D-0B04C18C2170}.Release|x64.ActiveCfg = Release|Any CPU
		{2899175E-21A0-43E4-B88D-0B04C18C2170}.Release|x64.Build.0 = Release|Any CPU
		{2899175E-21A0-43E4-B88D-0B04C18C2170}.Release|x86.ActiveCfg = Release|Any CPU
		{2899175E-21A0-43E4-B88D-0B04C18C2170}.Release|x86.Build.0 = Release|Any CPU
	EndGlobalSection
	GlobalSection(SolutionProperties) = preSolution
		HideSolutionNode = FALSE
	EndGlobalSection
	GlobalSection(NestedProjects) = preSolution
		{08880695-E05B-4BC2-B507-91691A09C089} = {690C7222-6958-4CC1-A425-CF0B65EEB098}
		{BBBF42F8-0FF5-4E09-A5E0-D3311CEE2697} = {690C7222-6958-4CC1-A425-CF0B65EEB098}
		{348B89E3-184B-4FA8-BAFB-929311106402} = {690C7222-6958-4CC1-A425-CF0B65EEB098}
		{964F8A71-6C69-4961-8937-9E554A2F8FFD} = {D9FEE62F-925F-4780-BA72-5BF5AD025F73}
		{845EC0D5-88B0-4AF2-A7B7-DB3393100315} = {D9FEE62F-925F-4780-BA72-5BF5AD025F73}
		{6CE28407-BDFB-4266-9F97-79C44FD586D2} = {D9FEE62F-925F-4780-BA72-5BF5AD025F73}
		{68F42F72-FE7D-469B-8F9F-27CE722E059F} = {6CE28407-BDFB-4266-9F97-79C44FD586D2}
		{6316BCE1-FAB5-4E47-96E8-07C356F1BD72} = {6CE28407-BDFB-4266-9F97-79C44FD586D2}
		{36BB7FE3-5FE8-4E0A-B5DA-1552A501B974} = {4D7ED153-04F0-454A-AEC2-F1DB0B00443C}
		{4D7ED153-04F0-454A-AEC2-F1DB0B00443C} = {6CE28407-BDFB-4266-9F97-79C44FD586D2}
		{07772AE6-E59B-4B47-A1D1-F67DF847E1FF} = {964F8A71-6C69-4961-8937-9E554A2F8FFD}
		{7747CACB-942A-400D-9336-8E5A39F49176} = {964F8A71-6C69-4961-8937-9E554A2F8FFD}
		{A3671538-A889-404E-9C09-1676F7EB1228} = {D9FEE62F-925F-4780-BA72-5BF5AD025F73}
		{906D5FF2-D6FF-44FC-AD62-D849B9A01C2F} = {690C7222-6958-4CC1-A425-CF0B65EEB098}
		{48270F5C-3BA4-46DF-BA97-2D9BB345710C} = {845EC0D5-88B0-4AF2-A7B7-DB3393100315}
		{A49AF222-2568-43FA-8D7F-B00B09AEB3DA} = {68F42F72-FE7D-469B-8F9F-27CE722E059F}
		{E9AAA334-78E9-4AF3-991F-51543DA4C260} = {F6118A87-E58B-41B7-ADCB-2F68D2C9F84B}
		{707C1AE1-CEEF-4F18-9A0C-E2F8CF1F7B62} = {F6118A87-E58B-41B7-ADCB-2F68D2C9F84B}
		{70C3E530-0B0D-4156-8074-E26F292FAB85} = {F6118A87-E58B-41B7-ADCB-2F68D2C9F84B}
		{40CA20D8-CC3D-4DB4-B9B8-58136846E380} = {F6118A87-E58B-41B7-ADCB-2F68D2C9F84B}
		{755F0DD3-1926-435E-980D-AE932CBDAB1B} = {D9FEE62F-925F-4780-BA72-5BF5AD025F73}
		{64CBD6C3-3AEA-45E8-B1F8-C39DD871C65A} = {2C167031-297D-418A-8A3E-A2BABECCC69F}
		{0DA8EFBF-4F02-4DE0-AA6D-F4CC08A58AA9} = {08880695-E05B-4BC2-B507-91691A09C089}
		{696D1368-FECA-4155-AB51-20F68C7A54A9} = {08880695-E05B-4BC2-B507-91691A09C089}
		{F3760A91-3D85-421D-8771-8EA9C22D4743} = {4F784DFD-E00D-48E7-9F90-8BA0900BC2EE}
		{23F7A693-A125-415E-84BA-EA7F93485576} = {4F784DFD-E00D-48E7-9F90-8BA0900BC2EE}
		{C8452C90-B738-4928-945B-7519AC8D9815} = {4F784DFD-E00D-48E7-9F90-8BA0900BC2EE}
		{5D5EC1E0-0AB4-47BD-A305-E46F355E0CBF} = {4F784DFD-E00D-48E7-9F90-8BA0900BC2EE}
		{EFF04736-72C0-4F05-BA86-950A75793438} = {BBBF42F8-0FF5-4E09-A5E0-D3311CEE2697}
		{82192425-C528-44F5-9390-747B1CFE3AC1} = {348B89E3-184B-4FA8-BAFB-929311106402}
		{914B30EE-7C2D-4EB3-AA72-30BD2B171131} = {A3671538-A889-404E-9C09-1676F7EB1228}
		{95F54AC1-82B6-43A5-849A-2A4641732100} = {7747CACB-942A-400D-9336-8E5A39F49176}
		{2899175E-21A0-43E4-B88D-0B04C18C2170} = {07772AE6-E59B-4B47-A1D1-F67DF847E1FF}
	EndGlobalSection
	GlobalSection(ExtensibilityGlobals) = postSolution
		SolutionGuid = {5E9EF8A2-05C9-4DF0-8661-FDC0378A9042}
	EndGlobalSection
EndGlobal
